# This file was autogenerated by Stack.
# You should not edit this file by hand.
# For more information, please see the documentation at:
#   https://docs.haskellstack.org/en/stable/lock_files

packages: []
snapshots:
- completed:
    size: 568665
    url: https://raw.githubusercontent.com/commercialhaskell/stackage-snapshots/master/lts/10/7.yaml
    sha256: 832d13ab65a6ebc59874cdad5d2a94a051d63940080f8e537c9b78ac1a6e920b
  original: lts-10.7
